// !$*UTF8*$!
{
	archiveVersion = 1;
	classes = {
	};
	objectVersion = 46;
	objects = {

/* Begin PBXBuildFile section */
		A721C0181B8583E800F66DD2 /* cat2.jpg in Resources */ = {isa = PBXBuildFile; fileRef = A721C0171B8583E800F66DD2 /* cat2.jpg */; };
		A7FD96271B854D6600496491 /* AppDelegate.swift in Sources */ = {isa = PBXBuildFile; fileRef = A7FD96261B854D6600496491 /* AppDelegate.swift */; };
		A7FD96291B854D6600496491 /* ViewController.swift in Sources */ = {isa = PBXBuildFile; fileRef = A7FD96281B854D6600496491 /* ViewController.swift */; };
		A7FD962C1B854D6600496491 /* Main.storyboard in Resources */ = {isa = PBXBuildFile; fileRef = A7FD962A1B854D6600496491 /* Main.storyboard */; };
		A7FD962E1B854D6600496491 /* Images.xcassets in Resources */ = {isa = PBXBuildFile; fileRef = A7FD962D1B854D6600496491 /* Images.xcassets */; };
		A7FD96311B854D6600496491 /* LaunchScreen.xib in Resources */ = {isa = PBXBuildFile; fileRef = A7FD962F1B854D6600496491 /* LaunchScreen.xib */; };
		A7FD963D1B854D6600496491 /* CustomKeyboardTests.swift in Sources */ = {isa = PBXBuildFile; fileRef = A7FD963C1B854D6600496491 /* CustomKeyboardTests.swift */; };
		A7FD964F1B854E5300496491 /* KeyboardViewController.swift in Sources */ = {isa = PBXBuildFile; fileRef = A7FD964E1B854E5300496491 /* KeyboardViewController.swift */; };
		A7FD96521B854E5300496491 /* CatBoard.appex in Embed App Extensions */ = {isa = PBXBuildFile; fileRef = A7FD964A1B854E5300496491 /* CatBoard.appex */; settings = {ATTRIBUTES = (RemoveHeadersOnCopy, ); }; };
/* End PBXBuildFile section */

/* Begin PBXContainerItemProxy section */
		A7FD96371B854D6600496491 /* PBXContainerItemProxy */ = {
			isa = PBXContainerItemProxy;
			containerPortal = A7FD96191B854D6600496491 /* Project object */;
			proxyType = 1;
			remoteGlobalIDString = A7FD96201B854D6600496491;
			remoteInfo = CustomKeyboard;
		};
		A7FD96501B854E5300496491 /* PBXContainerItemProxy */ = {
			isa = PBXContainerItemProxy;
			containerPortal = A7FD96191B854D6600496491 /* Project object */;
			proxyType = 1;
			remoteGlobalIDString = A7FD96491B854E5300496491;
			remoteInfo = CatBoard;
		};
/* End PBXContainerItemProxy section */

/* Begin PBXCopyFilesBuildPhase section */
		A7FD96561B854E5300496491 /* Embed App Extensions */ = {
			isa = PBXCopyFilesBuildPhase;
			buildActionMask = 2147483647;
			dstPath = "";
			dstSubfolderSpec = 13;
			files = (
				A7FD96521B854E5300496491 /* CatBoard.appex in Embed App Extensions */,
			);
			name = "Embed App Extensions";
			runOnlyForDeploymentPostprocessing = 0;
		};
/* End PBXCopyFilesBuildPhase section */

/* Begin PBXFileReference section */
		A721C0171B8583E800F66DD2 /* cat2.jpg */ = {isa = PBXFileReference; lastKnownFileType = image.jpeg; path = cat2.jpg; sourceTree = "<group>"; };
		A7FD96211B854D6600496491 /* CustomKeyboard.app */ = {isa = PBXFileReference; explicitFileType = wrapper.application; includeInIndex = 0; path = CustomKeyboard.app; sourceTree = BUILT_PRODUCTS_DIR; };
		A7FD96251B854D6600496491 /* Info.plist */ = {isa = PBXFileReference; lastKnownFileType = text.plist.xml; path = Info.plist; sourceTree = "<group>"; };
		A7FD96261B854D6600496491 /* AppDelegate.swift */ = {isa = PBXFileReference; lastKnownFileType = sourcecode.swift; path = AppDelegate.swift; sourceTree = "<group>"; };
		A7FD96281B854D6600496491 /* ViewController.swift */ = {isa = PBXFileReference; lastKnownFileType = sourcecode.swift; path = ViewController.swift; sourceTree = "<group>"; };
		A7FD962B1B854D6600496491 /* Base */ = {isa = PBXFileReference; lastKnownFileType = file.storyboard; name = Base; path = Base.lproj/Main.storyboard; sourceTree = "<group>"; };
		A7FD962D1B854D6600496491 /* Images.xcassets */ = {isa = PBXFileReference; lastKnownFileType = folder.assetcatalog; path = Images.xcassets; sourceTree = "<group>"; };
		A7FD96301B854D6600496491 /* Base */ = {isa = PBXFileReference; lastKnownFileType = file.xib; name = Base; path = Base.lproj/LaunchScreen.xib; sourceTree = "<group>"; };
		A7FD96361B854D6600496491 /* CustomKeyboardTests.xctest */ = {isa = PBXFileReference; explicitFileType = wrapper.cfbundle; includeInIndex = 0; path = CustomKeyboardTests.xctest; sourceTree = BUILT_PRODUCTS_DIR; };
		A7FD963B1B854D6600496491 /* Info.plist */ = {isa = PBXFileReference; lastKnownFileType = text.plist.xml; path = Info.plist; sourceTree = "<group>"; };
		A7FD963C1B854D6600496491 /* CustomKeyboardTests.swift */ = {isa = PBXFileReference; lastKnownFileType = sourcecode.swift; path = CustomKeyboardTests.swift; sourceTree = "<group>"; };
		A7FD964A1B854E5300496491 /* CatBoard.appex */ = {isa = PBXFileReference; explicitFileType = "wrapper.app-extension"; includeInIndex = 0; path = CatBoard.appex; sourceTree = BUILT_PRODUCTS_DIR; };
		A7FD964D1B854E5300496491 /* Info.plist */ = {isa = PBXFileReference; lastKnownFileType = text.plist.xml; path = Info.plist; sourceTree = "<group>"; };
		A7FD964E1B854E5300496491 /* KeyboardViewController.swift */ = {isa = PBXFileReference; lastKnownFileType = sourcecode.swift; path = KeyboardViewController.swift; sourceTree = "<group>"; };
/* End PBXFileReference section */

/* Begin PBXFrameworksBuildPhase section */
		A7FD961E1B854D6600496491 /* Frameworks */ = {
			isa = PBXFrameworksBuildPhase;
			buildActionMask = 2147483647;
			files = (
			);
			runOnlyForDeploymentPostprocessing = 0;
		};
		A7FD96331B854D6600496491 /* Frameworks */ = {
			isa = PBXFrameworksBuildPhase;
			buildActionMask = 2147483647;
			files = (
			);
			runOnlyForDeploymentPostprocessing = 0;
		};
		A7FD96471B854E5300496491 /* Frameworks */ = {
			isa = PBXFrameworksBuildPhase;
			buildActionMask = 2147483647;
			files = (
			);
			runOnlyForDeploymentPostprocessing = 0;
		};
/* End PBXFrameworksBuildPhase section */

/* Begin PBXGroup section */
		A7FD96181B854D6600496491 = {
			isa = PBXGroup;
			children = (
				A7FD96231B854D6600496491 /* CustomKeyboard */,
				A7FD96391B854D6600496491 /* CustomKeyboardTests */,
				A7FD964B1B854E5300496491 /* CatBoard */,
				A7FD96221B854D6600496491 /* Products */,
			);
			sourceTree = "<group>";
		};
		A7FD96221B854D6600496491 /* Products */ = {
			isa = PBXGroup;
			children = (
				A7FD96211B854D6600496491 /* CustomKeyboard.app */,
				A7FD96361B854D6600496491 /* CustomKeyboardTests.xctest */,
				A7FD964A1B854E5300496491 /* CatBoard.appex */,
			);
			name = Products;
			sourceTree = "<group>";
		};
		A7FD96231B854D6600496491 /* CustomKeyboard */ = {
			isa = PBXGroup;
			children = (
				A7FD96261B854D6600496491 /* AppDelegate.swift */,
				A7FD96281B854D6600496491 /* ViewController.swift */,
				A7FD962A1B854D6600496491 /* Main.storyboard */,
				A7FD962D1B854D6600496491 /* Images.xcassets */,
				A7FD962F1B854D6600496491 /* LaunchScreen.xib */,
				A7FD96241B854D6600496491 /* Supporting Files */,
			);
			path = CustomKeyboard;
			sourceTree = "<group>";
		};
		A7FD96241B854D6600496491 /* Supporting Files */ = {
			isa = PBXGroup;
			children = (
				A7FD96251B854D6600496491 /* Info.plist */,
			);
			name = "Supporting Files";
			sourceTree = "<group>";
		};
		A7FD96391B854D6600496491 /* CustomKeyboardTests */ = {
			isa = PBXGroup;
			children = (
				A7FD963C1B854D6600496491 /* CustomKeyboardTests.swift */,
				A7FD963A1B854D6600496491 /* Supporting Files */,
			);
			path = CustomKeyboardTests;
			sourceTree = "<group>";
		};
		A7FD963A1B854D6600496491 /* Supporting Files */ = {
			isa = PBXGroup;
			children = (
				A7FD963B1B854D6600496491 /* Info.plist */,
			);
			name = "Supporting Files";
			sourceTree = "<group>";
		};
		A7FD964B1B854E5300496491 /* CatBoard */ = {
			isa = PBXGroup;
			children = (
				A7FD964E1B854E5300496491 /* KeyboardViewController.swift */,
				A721C0171B8583E800F66DD2 /* cat2.jpg */,
				A7FD964C1B854E5300496491 /* Supporting Files */,
			);
			path = CatBoard;
			sourceTree = "<group>";
		};
		A7FD964C1B854E5300496491 /* Supporting Files */ = {
			isa = PBXGroup;
			children = (
				A7FD964D1B854E5300496491 /* Info.plist */,
			);
			name = "Supporting Files";
			sourceTree = "<group>";
		};
/* End PBXGroup section */

/* Begin PBXNativeTarget section */
		A7FD96201B854D6600496491 /* CustomKeyboard */ = {
			isa = PBXNativeTarget;
			buildConfigurationList = A7FD96401B854D6600496491 /* Build configuration list for PBXNativeTarget "CustomKeyboard" */;
			buildPhases = (
				A7FD961D1B854D6600496491 /* Sources */,
				A7FD961E1B854D6600496491 /* Frameworks */,
				A7FD961F1B854D6600496491 /* Resources */,
				A7FD96561B854E5300496491 /* Embed App Extensions */,
			);
			buildRules = (
			);
			dependencies = (
				A7FD96511B854E5300496491 /* PBXTargetDependency */,
			);
			name = CustomKeyboard;
			productName = CustomKeyboard;
			productReference = A7FD96211B854D6600496491 /* CustomKeyboard.app */;
			productType = "com.apple.product-type.application";
		};
		A7FD96351B854D6600496491 /* CustomKeyboardTests */ = {
			isa = PBXNativeTarget;
			buildConfigurationList = A7FD96431B854D6600496491 /* Build configuration list for PBXNativeTarget "CustomKeyboardTests" */;
			buildPhases = (
				A7FD96321B854D6600496491 /* Sources */,
				A7FD96331B854D6600496491 /* Frameworks */,
				A7FD96341B854D6600496491 /* Resources */,
			);
			buildRules = (
			);
			dependencies = (
				A7FD96381B854D6600496491 /* PBXTargetDependency */,
			);
			name = CustomKeyboardTests;
			productName = CustomKeyboardTests;
			productReference = A7FD96361B854D6600496491 /* CustomKeyboardTests.xctest */;
			productType = "com.apple.product-type.bundle.unit-test";
		};
		A7FD96491B854E5300496491 /* CatBoard */ = {
			isa = PBXNativeTarget;
			buildConfigurationList = A7FD96531B854E5300496491 /* Build configuration list for PBXNativeTarget "CatBoard" */;
			buildPhases = (
				A7FD96461B854E5300496491 /* Sources */,
				A7FD96471B854E5300496491 /* Frameworks */,
				A7FD96481B854E5300496491 /* Resources */,
			);
			buildRules = (
			);
			dependencies = (
			);
			name = CatBoard;
			productName = CatBoard;
			productReference = A7FD964A1B854E5300496491 /* CatBoard.appex */;
			productType = "com.apple.product-type.app-extension";
		};
/* End PBXNativeTarget section */

/* Begin PBXProject section */
		A7FD96191B854D6600496491 /* Project object */ = {
			isa = PBXProject;
			attributes = {
				LastUpgradeCheck = 0630;
				ORGANIZATIONNAME = Yosemite;
				TargetAttributes = {
					A7FD96201B854D6600496491 = {
						CreatedOnToolsVersion = 6.3;
					};
					A7FD96351B854D6600496491 = {
						CreatedOnToolsVersion = 6.3;
						TestTargetID = A7FD96201B854D6600496491;
					};
					A7FD96491B854E5300496491 = {
						CreatedOnToolsVersion = 6.3;
					};
				};
			};
			buildConfigurationList = A7FD961C1B854D6600496491 /* Build configuration list for PBXProject "CustomKeyboard" */;
			compatibilityVersion = "Xcode 3.2";
			developmentRegion = English;
			hasScannedForEncodings = 0;
			knownRegions = (
				en,
				Base,
			);
			mainGroup = A7FD96181B854D6600496491;
			productRefGroup = A7FD96221B854D6600496491 /* Products */;
			projectDirPath = "";
			projectRoot = "";
			targets = (
				A7FD96201B854D6600496491 /* CustomKeyboard */,
				A7FD96351B854D6600496491 /* CustomKeyboardTests */,
				A7FD96491B854E5300496491 /* CatBoard */,
			);
		};
/* End PBXProject section */

/* Begin PBXResourcesBuildPhase section */
		A7FD961F1B854D6600496491 /* Resources */ = {
			isa = PBXResourcesBuildPhase;
			buildActionMask = 2147483647;
			files = (
				A7FD962C1B854D6600496491 /* Main.storyboard in Resources */,
				A7FD96311B854D6600496491 /* LaunchScreen.xib in Resources */,
				A7FD962E1B854D6600496491 /* Images.xcassets in Resources */,
			);
			runOnlyForDeploymentPostprocessing = 0;
		};
		A7FD96341B854D6600496491 /* Resources */ = {
			isa = PBXResourcesBuildPhase;
			buildActionMask = 2147483647;
			files = (
			);
			runOnlyForDeploymentPostprocessing = 0;
		};
		A7FD96481B854E5300496491 /* Resources */ = {
			isa = PBXResourcesBuildPhase;
			buildActionMask = 2147483647;
			files = (
				A721C0181B8583E800F66DD2 /* cat2.jpg in Resources */,
			);
			runOnlyForDeploymentPostprocessing = 0;
		};
/* End PBXResourcesBuildPhase section */

/* Begin PBXSourcesBuildPhase section */
		A7FD961D1B854D6600496491 /* Sources */ = {
			isa = PBXSourcesBuildPhase;
			buildActionMask = 2147483647;
			files = (
				A7FD96291B854D6600496491 /* ViewController.swift in Sources */,
				A7FD96271B854D6600496491 /* AppDelegate.swift in Sources */,
			);
			runOnlyForDeploymentPostprocessing = 0;
		};
		A7FD96321B854D6600496491 /* Sources */ = {
			isa = PBXSourcesBuildPhase;
			buildActionMask = 2147483647;
			files = (
				A7FD963D1B854D6600496491 /* CustomKeyboardTests.swift in Sources */,
			);
			runOnlyForDeploymentPostprocessing = 0;
		};
		A7FD96461B854E5300496491 /* Sources */ = {
			isa = PBXSourcesBuildPhase;
			buildActionMask = 2147483647;
			files = (
				A7FD964F1B854E5300496491 /* KeyboardViewController.swift in Sources */,
			);
			runOnlyForDeploymentPostprocessing = 0;
		};
/* End PBXSourcesBuildPhase section */

/* Begin PBXTargetDependency section */
		A7FD96381B854D6600496491 /* PBXTargetDependency */ = {
			isa = PBXTargetDependency;
			target = A7FD96201B854D6600496491 /* CustomKeyboard */;
			targetProxy = A7FD96371B854D6600496491 /* PBXContainerItemProxy */;
		};
		A7FD96511B854E5300496491 /* PBXTargetDependency */ = {
			isa = PBXTargetDependency;
			target = A7FD96491B854E5300496491 /* CatBoard */;
			targetProxy = A7FD96501B854E5300496491 /* PBXContainerItemProxy */;
		};
/* End PBXTargetDependency section */

/* Begin PBXVariantGroup section */
		A7FD962A1B854D6600496491 /* Main.storyboard */ = {
			isa = PBXVariantGroup;
			children = (
				A7FD962B1B854D6600496491 /* Base */,
			);
			name = Main.storyboard;
			sourceTree = "<group>";
		};
		A7FD962F1B854D6600496491 /* LaunchScreen.xib */ = {
			isa = PBXVariantGroup;
			children = (
				A7FD96301B854D6600496491 /* Base */,
			);
			name = LaunchScreen.xib;
			sourceTree = "<group>";
		};
/* End PBXVariantGroup section */

/* Begin XCBuildConfiguration section */
		A7FD963E1B854D6600496491 /* Debug */ = {
			isa = XCBuildConfiguration;
			buildSettings = {
				ALWAYS_SEARCH_USER_PATHS = NO;
				CLANG_CXX_LANGUAGE_STANDARD = "gnu++0x";
				CLANG_CXX_LIBRARY = "libc++";
				CLANG_ENABLE_MODULES = YES;
				CLANG_ENABLE_OBJC_ARC = YES;
				CLANG_WARN_BOOL_CONVERSION = YES;
				CLANG_WARN_CONSTANT_CONVERSION = YES;
				CLANG_WARN_DIRECT_OBJC_ISA_USAGE = YES_ERROR;
				CLANG_WARN_EMPTY_BODY = YES;
				CLANG_WARN_ENUM_CONVERSION = YES;
				CLANG_WARN_INT_CONVERSION = YES;
				CLANG_WARN_OBJC_ROOT_CLASS = YES_ERROR;
				CLANG_WARN_UNREACHABLE_CODE = YES;
				CLANG_WARN__DUPLICATE_METHOD_MATCH = YES;
				"CODE_SIGN_IDENTITY[sdk=iphoneos*]" = "iPhone Developer";
				COPY_PHASE_STRIP = NO;
				DEBUG_INFORMATION_FORMAT = "dwarf-with-dsym";
				ENABLE_STRICT_OBJC_MSGSEND = YES;
				GCC_C_LANGUAGE_STANDARD = gnu99;
				GCC_DYNAMIC_NO_PIC = NO;
				GCC_NO_COMMON_BLOCKS = YES;
				GCC_OPTIMIZATION_LEVEL = 0;
				GCC_PREPROCESSOR_DEFINITIONS = (
					"DEBUG=1",
					"$(inherited)",
				);
				GCC_SYMBOLS_PRIVATE_EXTERN = NO;
				GCC_WARN_64_TO_32_BIT_CONVERSION = YES;
				GCC_WARN_ABOUT_RETURN_TYPE = YES_ERROR;
				GCC_WARN_UNDECLARED_SELECTOR = YES;
				GCC_WARN_UNINITIALIZED_AUTOS = YES_AGGRESSIVE;
				GCC_WARN_UNUSED_FUNCTION = YES;
				GCC_WARN_UNUSED_VARIABLE = YES;
				IPHONEOS_DEPLOYMENT_TARGET = 8.3;
				MTL_ENABLE_DEBUG_INFO = YES;
				ONLY_ACTIVE_ARCH = YES;
				SDKROOT = iphoneos;
				SWIFT_OPTIMIZATION_LEVEL = "-Onone";
			};
			name = Debug;
		};
		A7FD963F1B854D6600496491 /* Release */ = {
			isa = XCBuildConfiguration;
			buildSettings = {
				ALWAYS_SEARCH_USER_PATHS = NO;
				CLANG_CXX_LANGUAGE_STANDARD = "gnu++0x";
				CLANG_CXX_LIBRARY = "libc++";
				CLANG_ENABLE_MODULES = YES;
				CLANG_ENABLE_OBJC_ARC = YES;
				CLANG_WARN_BOOL_CONVERSION = YES;
				CLANG_WARN_CONSTANT_CONVERSION = YES;
				CLANG_WARN_DIRECT_OBJC_ISA_USAGE = YES_ERROR;
				CLANG_WARN_EMPTY_BODY = YES;
				CLANG_WARN_ENUM_CONVERSION = YES;
				CLANG_WARN_INT_CONVERSION = YES;
				CLANG_WARN_OBJC_ROOT_CLASS = YES_ERROR;
				CLANG_WARN_UNREACHABLE_CODE = YES;
				CLANG_WARN__DUPLICATE_METHOD_MATCH = YES;
				"CODE_SIGN_IDENTITY[sdk=iphoneos*]" = "iPhone Developer";
				COPY_PHASE_STRIP = NO;
				DEBUG_INFORMATION_FORMAT = "dwarf-with-dsym";
				ENABLE_NS_ASSERTIONS = NO;
				ENABLE_STRICT_OBJC_MSGSEND = YES;
				GCC_C_LANGUAGE_STANDARD = gnu99;
				GCC_NO_COMMON_BLOCKS = YES;
				GCC_WARN_64_TO_32_BIT_CONVERSION = YES;
				GCC_WARN_ABOUT_RETURN_TYPE = YES_ERROR;
				GCC_WARN_UNDECLARED_SELECTOR = YES;
				GCC_WARN_UNINITIALIZED_AUTOS = YES_AGGRESSIVE;
				GCC_WARN_UNUSED_FUNCTION = YES;
				GCC_WARN_UNUSED_VARIABLE = YES;
				IPHONEOS_DEPLOYMENT_TARGET = 8.3;
				MTL_ENABLE_DEBUG_INFO = NO;
				SDKROOT = iphoneos;
				VALIDATE_PRODUCT = YES;
			};
			name = Release;
		};
		A7FD96411B854D6600496491 /* Debug */ = {
			isa = XCBuildConfiguration;
			buildSettings = {
				ASSETCATALOG_COMPILER_APPICON_NAME = AppIcon;
				INFOPLIST_FILE = CustomKeyboard/Info.plist;
				LD_RUNPATH_SEARCH_PATHS = "$(inherited) @executable_path/Frameworks";
				PRODUCT_NAME = "$(TARGET_NAME)";
			};
			name = Debug;
		};
		A7FD96421B854D6600496491 /* Release */ = {
			isa = XCBuildConfiguration;
			buildSettings = {
				ASSETCATALOG_COMPILER_APPICON_NAME = AppIcon;
				INFOPLIST_FILE = CustomKeyboard/Info.plist;
				LD_RUNPATH_SEARCH_PATHS = "$(inherited) @executable_path/Frameworks";
				PRODUCT_NAME = "$(TARGET_NAME)";
			};
			name = Release;
		};
		A7FD96441B854D6600496491 /* Debug */ = {
			isa = XCBuildConfiguration;
			buildSettings = {
				BUNDLE_LOADER = "$(TEST_HOST)";
				FRAMEWORK_SEARCH_PATHS = (
					"$(SDKROOT)/Developer/Library/Frameworks",
					"$(inherited)",
				);
				GCC_PREPROCESSOR_DEFINITIONS = (
					"DEBUG=1",
					"$(inherited)",
				);
				INFOPLIST_FILE = CustomKeyboardTests/Info.plist;
				LD_RUNPATH_SEARCH_PATHS = "$(inherited) @executable_path/Frameworks @loader_path/Frameworks";
				PRODUCT_NAME = "$(TARGET_NAME)";
				TEST_HOST = "$(BUILT_PRODUCTS_DIR)/CustomKeyboard.app/CustomKeyboard";
			};
			name = Debug;
		};
		A7FD96451B854D6600496491 /* Release */ = {
			isa = XCBuildConfiguration;
			buildSettings = {
				BUNDLE_LOADER = "$(TEST_HOST)";
				FRAMEWORK_SEARCH_PATHS = (
					"$(SDKROOT)/Developer/Library/Frameworks",
					"$(inherited)",
				);
				INFOPLIST_FILE = CustomKeyboardTests/Info.plist;
				LD_RUNPATH_SEARCH_PATHS = "$(inherited) @executable_path/Frameworks @loader_path/Frameworks";
				PRODUCT_NAME = "$(TARGET_NAME)";
				TEST_HOST = "$(BUILT_PRODUCTS_DIR)/CustomKeyboard.app/CustomKeyboard";
			};
			name = Release;
		};
		A7FD96541B854E5300496491 /* Debug */ = {
			isa = XCBuildConfiguration;
			buildSettings = {
				GCC_PREPROCESSOR_DEFINITIONS = (
					"DEBUG=1",
					"$(inherited)",
				);
				INFOPLIST_FILE = CatBoard/Info.plist;
				LD_RUNPATH_SEARCH_PATHS = "$(inherited) @executable_path/Frameworks @executable_path/../../Frameworks";
				PRODUCT_NAME = "$(TARGET_NAME)";
				SKIP_INSTALL = YES;
			};
			name = Debug;
		};
		A7FD96551B854E5300496491 /* Release */ = {
			isa = XCBuildConfiguration;
			buildSettings = {
				INFOPLIST_FILE = CatBoard/Info.plist;
				LD_RUNPATH_SEARCH_PATHS = "$(inherited) @executable_path/Frameworks @executable_path/../../Frameworks";
				PRODUCT_NAME = "$(TARGET_NAME)";
				SKIP_INSTALL = YES;
			};
			name = Release;
		};
/* End XCBuildConfiguration section */

/* Begin XCConfigurationList section */
		A7FD961C1B854D6600496491 /* Build configuration list for PBXProject "CustomKeyboard" */ = {
			isa = XCConfigurationList;
			buildConfigurations = (
				A7FD963E1B854D6600496491 /* Debug */,
				A7FD963F1B854D6600496491 /* Release */,
			);
			defaultConfigurationIsVisible = 0;
			defaultConfigurationName = Release;
		};
		A7FD96401B854D6600496491 /* Build configuration list for PBXNativeTarget "CustomKeyboard" */ = {
			isa = XCConfigurationList;
			buildConfigurations = (
				A7FD96411B854D6600496491 /* Debug */,
				A7FD96421B854D6600496491 /* Release */,
			);
			defaultConfigurationIsVisible = 0;
			defaultConfigurationName = Release;
		};
		A7FD96431B854D6600496491 /* Build configuration list for PBXNativeTarget "CustomKeyboardTests" */ = {
			isa = XCConfigurationList;
			buildConfigurations = (
				A7FD96441B854D6600496491 /* Debug */,
				A7FD96451B854D6600496491 /* Release */,
			);
			defaultConfigurationIsVisible = 0;
			defaultConfigurationName = Release;
		};
		A7FD96531B854E5300496491 /* Build configuration list for PBXNativeTarget "CatBoard" */ = {
			isa = XCConfigurationList;
			buildConfigurations = (
				A7FD96541B854E5300496491 /* Debug */,
				A7FD96551B854E5300496491 /* Release */,
			);
			defaultConfigurationIsVisible = 0;
			defaultConfigurationName = Release;
		};
/* End XCConfigurationList section */
	};
	rootObject = A7FD96191B854D6600496491 /* Project object */;
}
